// !$*UTF8*$!
{
	archiveVersion = 1;
	classes = {
	};
	objectVersion = 56;
	objects = {

/* Begin PBXBuildFile section */
		242BA57E29F02D0F002CBDE9 /* AppDelegate.swift in Sources */ = {isa = PBXBuildFile; fileRef = 242BA57D29F02D0F002CBDE9 /* AppDelegate.swift */; };
		242BA58029F02D0F002CBDE9 /* SceneDelegate.swift in Sources */ = {isa = PBXBuildFile; fileRef = 242BA57F29F02D0F002CBDE9 /* SceneDelegate.swift */; };
		242BA58729F02D10002CBDE9 /* Assets.xcassets in Resources */ = {isa = PBXBuildFile; fileRef = 242BA58629F02D10002CBDE9 /* Assets.xcassets */; };
		242BA58A29F02D10002CBDE9 /* LaunchScreen.storyboard in Resources */ = {isa = PBXBuildFile; fileRef = 242BA58829F02D10002CBDE9 /* LaunchScreen.storyboard */; };
		242BA59529F02DD3002CBDE9 /* HorizontalCenteredCollectionViewController.swift in Sources */ = {isa = PBXBuildFile; fileRef = 242BA59329F02DD3002CBDE9 /* HorizontalCenteredCollectionViewController.swift */; };
		242BA59629F02DD3002CBDE9 /* HorizontalCenteredCollectionViewController.xib in Resources */ = {isa = PBXBuildFile; fileRef = 242BA59429F02DD3002CBDE9 /* HorizontalCenteredCollectionViewController.xib */; };
		242BA59829F02DF8002CBDE9 /* HorizontalCenteredCollectionViewCell.swift in Sources */ = {isa = PBXBuildFile; fileRef = 242BA59729F02DF8002CBDE9 /* HorizontalCenteredCollectionViewCell.swift */; };
		242BA59A29F02E96002CBDE9 /* UICollectionView+Extension.swift in Sources */ = {isa = PBXBuildFile; fileRef = 242BA59929F02E96002CBDE9 /* UICollectionView+Extension.swift */; };
		242BA59E29F02FC1002CBDE9 /* UIView+Extension.swift in Sources */ = {isa = PBXBuildFile; fileRef = 242BA59D29F02FC1002CBDE9 /* UIView+Extension.swift */; };
		242BA5A029F03201002CBDE9 /* UICollectionViewCompositionalLayout.swift in Sources */ = {isa = PBXBuildFile; fileRef = 242BA59F29F03201002CBDE9 /* UICollectionViewCompositionalLayout.swift */; };
/* End PBXBuildFile section */

/* Begin PBXFileReference section */
		242BA57A29F02D0F002CBDE9 /* HorizontalCenteredCollectionView.app */ = {isa = PBXFileReference; explicitFileType = wrapper.application; includeInIndex = 0; path = HorizontalCenteredCollectionView.app; sourceTree = BUILT_PRODUCTS_DIR; };
		242BA57D29F02D0F002CBDE9 /* AppDelegate.swift */ = {isa = PBXFileReference; lastKnownFileType = sourcecode.swift; path = AppDelegate.swift; sourceTree = "<group>"; };
		242BA57F29F02D0F002CBDE9 /* SceneDelegate.swift */ = {isa = PBXFileReference; lastKnownFileType = sourcecode.swift; path = SceneDelegate.swift; sourceTree = "<group>"; };
		242BA58629F02D10002CBDE9 /* Assets.xcassets */ = {isa = PBXFileReference; lastKnownFileType = folder.assetcatalog; path = Assets.xcassets; sourceTree = "<group>"; };
		242BA58929F02D10002CBDE9 /* Base */ = {isa = PBXFileReference; lastKnownFileType = file.storyboard; name = Base; path = Base.lproj/LaunchScreen.storyboard; sourceTree = "<group>"; };
		242BA58B29F02D10002CBDE9 /* Info.plist */ = {isa = PBXFileReference; lastKnownFileType = text.plist.xml; path = Info.plist; sourceTree = "<group>"; };
		242BA59329F02DD3002CBDE9 /* HorizontalCenteredCollectionViewController.swift */ = {isa = PBXFileReference; lastKnownFileType = sourcecode.swift; path = HorizontalCenteredCollectionViewController.swift; sourceTree = "<group>"; };
		242BA59429F02DD3002CBDE9 /* HorizontalCenteredCollectionViewController.xib */ = {isa = PBXFileReference; lastKnownFileType = file.xib; path = HorizontalCenteredCollectionViewController.xib; sourceTree = "<group>"; };
		242BA59729F02DF8002CBDE9 /* HorizontalCenteredCollectionViewCell.swift */ = {isa = PBXFileReference; fileEncoding = 4; lastKnownFileType = sourcecode.swift; path = HorizontalCenteredCollectionViewCell.swift; sourceTree = "<group>"; };
		242BA59929F02E96002CBDE9 /* UICollectionView+Extension.swift */ = {isa = PBXFileReference; fileEncoding = 4; lastKnownFileType = sourcecode.swift; path = "UICollectionView+Extension.swift"; sourceTree = "<group>"; };
		242BA59D29F02FC1002CBDE9 /* UIView+Extension.swift */ = {isa = PBXFileReference; fileEncoding = 4; lastKnownFileType = sourcecode.swift; path = "UIView+Extension.swift"; sourceTree = "<group>"; };
		242BA59F29F03201002CBDE9 /* UICollectionViewCompositionalLayout.swift */ = {isa = PBXFileReference; lastKnownFileType = sourcecode.swift; path = UICollectionViewCompositionalLayout.swift; sourceTree = "<group>"; };
/* End PBXFileReference section */

/* Begin PBXFrameworksBuildPhase section */
		242BA57729F02D0F002CBDE9 /* Frameworks */ = {
			isa = PBXFrameworksBuildPhase;
			buildActionMask = 2147483647;
			files = (
			);
			runOnlyForDeploymentPostprocessing = 0;
		};
/* End PBXFrameworksBuildPhase section */

/* Begin PBXGroup section */
		242BA57129F02D0F002CBDE9 = {
			isa = PBXGroup;
			children = (
				242BA57C29F02D0F002CBDE9 /* HorizontalCenteredCollectionView */,
				242BA57B29F02D0F002CBDE9 /* Products */,
			);
			sourceTree = "<group>";
		};
		242BA57B29F02D0F002CBDE9 /* Products */ = {
			isa = PBXGroup;
			children = (
				242BA57A29F02D0F002CBDE9 /* HorizontalCenteredCollectionView.app */,
			);
			name = Products;
			sourceTree = "<group>";
		};
		242BA57C29F02D0F002CBDE9 /* HorizontalCenteredCollectionView */ = {
			isa = PBXGroup;
			children = (
				242BA59929F02E96002CBDE9 /* UICollectionView+Extension.swift */,
				242BA59D29F02FC1002CBDE9 /* UIView+Extension.swift */,
				242BA57D29F02D0F002CBDE9 /* AppDelegate.swift */,
				242BA57F29F02D0F002CBDE9 /* SceneDelegate.swift */,
				242BA59F29F03201002CBDE9 /* UICollectionViewCompositionalLayout.swift */,
				242BA59329F02DD3002CBDE9 /* HorizontalCenteredCollectionViewController.swift */,
				242BA59429F02DD3002CBDE9 /* HorizontalCenteredCollectionViewController.xib */,
				242BA59729F02DF8002CBDE9 /* HorizontalCenteredCollectionViewCell.swift */,
				242BA58629F02D10002CBDE9 /* Assets.xcassets */,
				242BA58829F02D10002CBDE9 /* LaunchScreen.storyboard */,
				242BA58B29F02D10002CBDE9 /* Info.plist */,
			);
			path = HorizontalCenteredCollectionView;
			sourceTree = "<group>";
		};
/* End PBXGroup section */

/* Begin PBXNativeTarget section */
		242BA57929F02D0F002CBDE9 /* HorizontalCenteredCollectionView */ = {
			isa = PBXNativeTarget;
			buildConfigurationList = 242BA58E29F02D10002CBDE9 /* Build configuration list for PBXNativeTarget "HorizontalCenteredCollectionView" */;
			buildPhases = (
				242BA57629F02D0F002CBDE9 /* Sources */,
				242BA57729F02D0F002CBDE9 /* Frameworks */,
				242BA57829F02D0F002CBDE9 /* Resources */,
			);
			buildRules = (
			);
			dependencies = (
			);
			name = HorizontalCenteredCollectionView;
			productName = HorizontalCenteredCollectionView;
			productReference = 242BA57A29F02D0F002CBDE9 /* HorizontalCenteredCollectionView.app */;
			productType = "com.apple.product-type.application";
		};
/* End PBXNativeTarget section */

/* Begin PBXProject section */
		242BA57229F02D0F002CBDE9 /* Project object */ = {
			isa = PBXProject;
			attributes = {
				BuildIndependentTargetsInParallel = 1;
				LastSwiftUpdateCheck = 1410;
				LastUpgradeCheck = 1410;
				TargetAttributes = {
					242BA57929F02D0F002CBDE9 = {
						CreatedOnToolsVersion = 14.1;
					};
				};
			};
			buildConfigurationList = 242BA57529F02D0F002CBDE9 /* Build configuration list for PBXProject "HorizontalCenteredCollectionView" */;
			compatibilityVersion = "Xcode 14.0";
			developmentRegion = en;
			hasScannedForEncodings = 0;
			knownRegions = (
				en,
				Base,
			);
			mainGroup = 242BA57129F02D0F002CBDE9;
			productRefGroup = 242BA57B29F02D0F002CBDE9 /* Products */;
			projectDirPath = "";
			projectRoot = "";
			targets = (
				242BA57929F02D0F002CBDE9 /* HorizontalCenteredCollectionView */,
			);
		};
/* End PBXProject section */

/* Begin PBXResourcesBuildPhase section */
		242BA57829F02D0F002CBDE9 /* Resources */ = {
			isa = PBXResourcesBuildPhase;
			buildActionMask = 2147483647;
			files = (
				242BA59629F02DD3002CBDE9 /* HorizontalCenteredCollectionViewController.xib in Resources */,
				242BA58A29F02D10002CBDE9 /* LaunchScreen.storyboard in Resources */,
				242BA58729F02D10002CBDE9 /* Assets.xcassets in Resources */,
			);
			runOnlyForDeploymentPostprocessing = 0;
		};
/* End PBXResourcesBuildPhase section */

/* Begin PBXSourcesBuildPhase section */
		242BA57629F02D0F002CBDE9 /* Sources */ = {
			isa = PBXSourcesBuildPhase;
			buildActionMask = 2147483647;
			files = (
				242BA59E29F02FC1002CBDE9 /* UIView+Extension.swift in Sources */,
				242BA59829F02DF8002CBDE9 /* HorizontalCenteredCollectionViewCell.swift in Sources */,
				242BA59A29F02E96002CBDE9 /* UICollectionView+Extension.swift in Sources */,
				242BA59529F02DD3002CBDE9 /* HorizontalCenteredCollectionViewController.swift in Sources */,
				242BA57E29F02D0F002CBDE9 /* AppDelegate.swift in Sources */,
				242BA5A029F03201002CBDE9 /* UICollectionViewCompositionalLayout.swift in Sources */,
				242BA58029F02D0F002CBDE9 /* SceneDelegate.swift in Sources */,
			);
			runOnlyForDeploymentPostprocessing = 0;
		};
/* End PBXSourcesBuildPhase section */

/* Begin PBXVariantGroup section */
		242BA58829F02D10002CBDE9 /* LaunchScreen.storyboard */ = {
			isa = PBXVariantGroup;
			children = (
				242BA58929F02D10002CBDE9 /* Base */,
			);
			name = LaunchScreen.storyboard;
			sourceTree = "<group>";
		};
/* End PBXVariantGroup section */

/* Begin XCBuildConfiguration section */
		242BA58C29F02D10002CBDE9 /* Debug */ = {
			isa = XCBuildConfiguration;
			buildSettings = {
				ALWAYS_SEARCH_USER_PATHS = NO;
				CLANG_ANALYZER_NONNULL = YES;
				CLANG_ANALYZER_NUMBER_OBJECT_CONVERSION = YES_AGGRESSIVE;
				CLANG_CXX_LANGUAGE_STANDARD = "gnu++20";
				CLANG_ENABLE_MODULES = YES;
				CLANG_ENABLE_OBJC_ARC = YES;
				CLANG_ENABLE_OBJC_WEAK = YES;
				CLANG_WARN_BLOCK_CAPTURE_AUTORELEASING = YES;
				CLANG_WARN_BOOL_CONVERSION = YES;
				CLANG_WARN_COMMA = YES;
				CLANG_WARN_CONSTANT_CONVERSION = YES;
				CLANG_WARN_DEPRECATED_OBJC_IMPLEMENTATIONS = YES;
				CLANG_WARN_DIRECT_OBJC_ISA_USAGE = YES_ERROR;
				CLANG_WARN_DOCUMENTATION_COMMENTS = YES;
				CLANG_WARN_EMPTY_BODY = YES;
				CLANG_WARN_ENUM_CONVERSION = YES;
				CLANG_WARN_INFINITE_RECURSION = YES;
				CLANG_WARN_INT_CONVERSION = YES;
				CLANG_WARN_NON_LITERAL_NULL_CONVERSION = YES;
				CLANG_WARN_OBJC_IMPLICIT_RETAIN_SELF = YES;
				CLANG_WARN_OBJC_LITERAL_CONVERSION = YES;
				CLANG_WARN_OBJC_ROOT_CLASS = YES_ERROR;
				CLANG_WARN_QUOTED_INCLUDE_IN_FRAMEWORK_HEADER = YES;
				CLANG_WARN_RANGE_LOOP_ANALYSIS = YES;
				CLANG_WARN_STRICT_PROTOTYPES = YES;
				CLANG_WARN_SUSPICIOUS_MOVE = YES;
				CLANG_WARN_UNGUARDED_AVAILABILITY = YES_AGGRESSIVE;
				CLANG_WARN_UNREACHABLE_CODE = YES;
				CLANG_WARN__DUPLICATE_METHOD_MATCH = YES;
				COPY_PHASE_STRIP = NO;
				DEBUG_INFORMATION_FORMAT = dwarf;
				ENABLE_STRICT_OBJC_MSGSEND = YES;
				ENABLE_TESTABILITY = YES;
				GCC_C_LANGUAGE_STANDARD = gnu11;
				GCC_DYNAMIC_NO_PIC = NO;
				GCC_NO_COMMON_BLOCKS = YES;
				GCC_OPTIMIZATION_LEVEL = 0;
				GCC_PREPROCESSOR_DEFINITIONS = (
					"DEBUG=1",
					"$(inherited)",
				);
				GCC_WARN_64_TO_32_BIT_CONVERSION = YES;
				GCC_WARN_ABOUT_RETURN_TYPE = YES_ERROR;
				GCC_WARN_UNDECLARED_SELECTOR = YES;
				GCC_WARN_UNINITIALIZED_AUTOS = YES_AGGRESSIVE;
				GCC_WARN_UNUSED_FUNCTION = YES;
				GCC_WARN_UNUSED_VARIABLE = YES;
				IPHONEOS_DEPLOYMENT_TARGET = 16.1;
				MTL_ENABLE_DEBUG_INFO = INCLUDE_SOURCE;
				MTL_FAST_MATH = YES;
				ONLY_ACTIVE_ARCH = YES;
				SDKROOT = iphoneos;
				SWIFT_ACTIVE_COMPILATION_CONDITIONS = DEBUG;
				SWIFT_OPTIMIZATION_LEVEL = "-Onone";
			};
			name = Debug;
		};
		242BA58D29F02D10002CBDE9 /* Release */ = {
			isa = XCBuildConfiguration;
			buildSettings = {
				ALWAYS_SEARCH_USER_PATHS = NO;
				CLANG_ANALYZER_NONNULL = YES;
				CLANG_ANALYZER_NUMBER_OBJECT_CONVERSION = YES_AGGRESSIVE;
				CLANG_CXX_LANGUAGE_STANDARD = "gnu++20";
				CLANG_ENABLE_MODULES = YES;
				CLANG_ENABLE_OBJC_ARC = YES;
				CLANG_ENABLE_OBJC_WEAK = YES;
				CLANG_WARN_BLOCK_CAPTURE_AUTORELEASING = YES;
				CLANG_WARN_BOOL_CONVERSION = YES;
				CLANG_WARN_COMMA = YES;
				CLANG_WARN_CONSTANT_CONVERSION = YES;
				CLANG_WARN_DEPRECATED_OBJC_IMPLEMENTATIONS = YES;
				CLANG_WARN_DIRECT_OBJC_ISA_USAGE = YES_ERROR;
				CLANG_WARN_DOCUMENTATION_COMMENTS = YES;
				CLANG_WARN_EMPTY_BODY = YES;
				CLANG_WARN_ENUM_CONVERSION = YES;
				CLANG_WARN_INFINITE_RECURSION = YES;
				CLANG_WARN_INT_CONVERSION = YES;
				CLANG_WARN_NON_LITERAL_NULL_CONVERSION = YES;
				CLANG_WARN_OBJC_IMPLICIT_RETAIN_SELF = YES;
				CLANG_WARN_OBJC_LITERAL_CONVERSION = YES;
				CLANG_WARN_OBJC_ROOT_CLASS = YES_ERROR;
				CLANG_WARN_QUOTED_INCLUDE_IN_FRAMEWORK_HEADER = YES;
				CLANG_WARN_RANGE_LOOP_ANALYSIS = YES;
				CLANG_WARN_STRICT_PROTOTYPES = YES;
				CLANG_WARN_SUSPICIOUS_MOVE = YES;
				CLANG_WARN_UNGUARDED_AVAILABILITY = YES_AGGRESSIVE;
				CLANG_WARN_UNREACHABLE_CODE = YES;
				CLANG_WARN__DUPLICATE_METHOD_MATCH = YES;
				COPY_PHASE_STRIP = NO;
				DEBUG_INFORMATION_FORMAT = "dwarf-with-dsym";
				ENABLE_NS_ASSERTIONS = NO;
				ENABLE_STRICT_OBJC_MSGSEND = YES;
				GCC_C_LANGUAGE_STANDARD = gnu11;
				GCC_NO_COMMON_BLOCKS = YES;
				GCC_WARN_64_TO_32_BIT_CONVERSION = YES;
				GCC_WARN_ABOUT_RETURN_TYPE = YES_ERROR;
				GCC_WARN_UNDECLARED_SELECTOR = YES;
				GCC_WARN_UNINITIALIZED_AUTOS = YES_AGGRESSIVE;
				GCC_WARN_UNUSED_FUNCTION = YES;
				GCC_WARN_UNUSED_VARIABLE = YES;
				IPHONEOS_DEPLOYMENT_TARGET = 16.1;
				MTL_ENABLE_DEBUG_INFO = NO;
				MTL_FAST_MATH = YES;
				SDKROOT = iphoneos;
				SWIFT_COMPILATION_MODE = wholemodule;
				SWIFT_OPTIMIZATION_LEVEL = "-O";
				VALIDATE_PRODUCT = YES;
			};
			name = Release;
		};
		242BA58F29F02D10002CBDE9 /* Debug */ = {
			isa = XCBuildConfiguration;
			buildSettings = {
				ASSETCATALOG_COMPILER_APPICON_NAME = AppIcon;
				ASSETCATALOG_COMPILER_GLOBAL_ACCENT_COLOR_NAME = AccentColor;
				CODE_SIGN_STYLE = Automatic;
				CURRENT_PROJECT_VERSION = 1;
				DEVELOPMENT_TEAM = 668Q4XYSA2;
				GENERATE_INFOPLIST_FILE = YES;
				INFOPLIST_FILE = HorizontalCenteredCollectionView/Info.plist;
				INFOPLIST_KEY_UIApplicationSupportsIndirectInputEvents = YES;
				INFOPLIST_KEY_UILaunchStoryboardName = LaunchScreen;
				INFOPLIST_KEY_UISupportedInterfaceOrientations_iPad = "UIInterfaceOrientationPortrait UIInterfaceOrientationPortraitUpsideDown UIInterfaceOrientationLandscapeLeft UIInterfaceOrientationLandscapeRight";
				INFOPLIST_KEY_UISupportedInterfaceOrientations_iPhone = "UIInterfaceOrientationPortrait UIInterfaceOrientationLandscapeLeft UIInterfaceOrientationLandscapeRight";
				LD_RUNPATH_SEARCH_PATHS = (
					"$(inherited)",
					"@executable_path/Frameworks",
				);
				MARKETING_VERSION = 1.0;
				PRODUCT_BUNDLE_IDENTIFIER = com.tangeappdev.HorizontalCenteredCollectionView;
				PRODUCT_NAME = "$(TARGET_NAME)";
				SWIFT_EMIT_LOC_STRINGS = YES;
				SWIFT_VERSION = 5.0;
				TARGETED_DEVICE_FAMILY = "1,2";
			};
			name = Debug;
		};
		242BA59029F02D10002CBDE9 /* Release */ = {
			isa = XCBuildConfiguration;
			buildSettings = {
				ASSETCATALOG_COMPILER_APPICON_NAME = AppIcon;
				ASSETCATALOG_COMPILER_GLOBAL_ACCENT_COLOR_NAME = AccentColor;
				CODE_SIGN_STYLE = Automatic;
				CURRENT_PROJECT_VERSION = 1;
				DEVELOPMENT_TEAM = 668Q4XYSA2;
				GENERATE_INFOPLIST_FILE = YES;
				INFOPLIST_FILE = HorizontalCenteredCollectionView/Info.plist;
				INFOPLIST_KEY_UIApplicationSupportsIndirectInputEvents = YES;
				INFOPLIST_KEY_UILaunchStoryboardName = LaunchScreen;
				INFOPLIST_KEY_UISupportedInterfaceOrientations_iPad = "UIInterfaceOrientationPortrait UIInterfaceOrientationPortraitUpsideDown UIInterfaceOrientationLandscapeLeft UIInterfaceOrientationLandscapeRight";
				INFOPLIST_KEY_UISupportedInterfaceOrientations_iPhone = "UIInterfaceOrientationPortrait UIInterfaceOrientationLandscapeLeft UIInterfaceOrientationLandscapeRight";
				LD_RUNPATH_SEARCH_PATHS = (
					"$(inherited)",
					"@executable_path/Frameworks",
				);
				MARKETING_VERSION = 1.0;
				PRODUCT_BUNDLE_IDENTIFIER = com.tangeappdev.HorizontalCenteredCollectionView;
				PRODUCT_NAME = "$(TARGET_NAME)";
				SWIFT_EMIT_LOC_STRINGS = YES;
				SWIFT_VERSION = 5.0;
				TARGETED_DEVICE_FAMILY = "1,2";
			};
			name = Release;
		};
/* End XCBuildConfiguration section */

/* Begin XCConfigurationList section */
		242BA57529F02D0F002CBDE9 /* Build configuration list for PBXProject "HorizontalCenteredCollectionView" */ = {
			isa = XCConfigurationList;
			buildConfigurations = (
				242BA58C29F02D10002CBDE9 /* Debug */,
				242BA58D29F02D10002CBDE9 /* Release */,
			);
			defaultConfigurationIsVisible = 0;
			defaultConfigurationName = Release;
		};
		242BA58E29F02D10002CBDE9 /* Build configuration list for PBXNativeTarget "HorizontalCenteredCollectionView" */ = {
			isa = XCConfigurationList;
			buildConfigurations = (
				242BA58F29F02D10002CBDE9 /* Debug */,
				242BA59029F02D10002CBDE9 /* Release */,
			);
			defaultConfigurationIsVisible = 0;
			defaultConfigurationName = Release;
		};
/* End XCConfigurationList section */
	};
	rootObject = 242BA57229F02D0F002CBDE9 /* Project object */;
}
